{
    "_meta": {
        "hash": {
            "sha256": "48a07a335f849b55e8292048fb746042828a9834b369b8fb1a0c129e2b2c0676"
        },
        "pipfile-spec": 6,
        "requires": {
            "python_version": "3"
        },
        "sources": [
            {
                "name": "pypi",
                "url": "https://pypi.org/simple",
                "verify_ssl": true
            }
        ]
    },
    "default": {
        "asgiref": {
            "hashes": [
                "sha256:7e51911ee147dd685c3c8b805c0ad0cb58d360987b56953878f8c06d2d1c6f1a",
                "sha256:9fc6fb5d39b8af147ba40765234fa822b39818b12cc80b35ad9b0cef3a476aed"
            ],
            "version": "==3.2.10"
        },
        "django": {
            "hashes": [
                "sha256:1a63f5bb6ff4d7c42f62a519edc2adbb37f9b78068a5a862beff858b68e3dc8b",
                "sha256:2d390268a13c655c97e0e2ede9d117007996db692c1bb93eabebd4fb7ea7012b"
            ],
            "index": "pypi",
            "version": "==3.1"
        },
        "django-cursor-pagination": {
            "hashes": [
                "sha256:063fce867442c97798a247a306f9d889374eb630a3246b15493f08b72d3dbcd7",
                "sha256:0a738fb24d1e52b28556054804a7cb6cc76c2c32019299d3321fc1c77be49c73"
            ],
            "index": "pypi",
            "version": "==0.1.4"
        },
        "django-utils-six": {
            "hashes": [
                "sha256:4ef9d20de679a5b2448429476452493661fe08f23d6e788a8e9816ec05e3c5b0",
                "sha256:8f0e77289d911069a6a15bab5a25ccf2c0fcb8fc4177461dd17470cfdeb94aa6"
            ],
            "index": "pypi",
            "version": "==2.0"
        },
        "faker": {
            "hashes": [
                "sha256:bc4b8c908dfcd84e4fe5d9fa2e52fbe17546515fb8f126909b98c47badf05658",
                "sha256:ff188c416864e3f7d8becd8f9ee683a4b4101a2a2d2bcdcb3e84bb1bdd06eaae"
            ],
            "index": "pypi",
            "version": "==4.1.2"
        },
        "python-dateutil": {
            "hashes": [
                "sha256:73ebfe9dbf22e832286dafa60473e4cd239f8592f699aa5adaf10050e6e1823c",
                "sha256:75bb3f31ea686f1197762692a9ee6a7550b59fc6ca3a1f4b5d7e32fb98e2da2a"
            ],
            "version": "==2.8.1"
        },
        "pytz": {
            "hashes": [
                "sha256:a494d53b6d39c3c6e44c3bec237336e14305e4f29bbf800b599253057fbb79ed",
                "sha256:c35965d010ce31b23eeb663ed3cc8c906275d6be1a34393a1d73a41febf4a048"
            ],
            "version": "==2020.1"
        },
        "six": {
            "hashes": [
                "sha256:30639c035cdb23534cd4aa2dd52c3bf48f06e5f4a941509c8bafd8ce11080259",
                "sha256:8b74bedcbbbaca38ff6d7491d76f2b06b3592611af620f8426e82dddb04a5ced"
            ],
            "version": "==1.15.0"
        },
        "sqlparse": {
            "hashes": [
                "sha256:022fb9c87b524d1f7862b3037e541f68597a730a8843245c349fc93e1643dc4e",
                "sha256:e162203737712307dfe78860cc56c8da8a852ab2ee33750e33aeadf38d12c548"
            ],
            "version": "==0.3.1"
        },
        "text-unidecode": {
            "hashes": [
                "sha256:1311f10e8b895935241623731c2ba64f4c455287888b18189350b67134a822e8",
                "sha256:bad6603bb14d279193107714b288be206cac565dfa49aa5b105294dd5c4aab93"
            ],
            "version": "==1.3"
        }
    },
    "develop": {}
}
